{
  "name": "wincc-oa-log-parser",
  "version": "1.0.0",
  "lockfileVersion": 2,
  "requires": true,
  "packages": {
    "": {
      "name": "wincc-oa-log-parser",
      "version": "1.0.0",
      "license": "Apache-2.0",
      "dependencies": {
        "autodetect-decoder-stream": "^2.0.0",
        "moment": "^2.29.2",
        "underscore": "^1.13.1",
        "xml-writer": "^1.7.0"
      },
      "devDependencies": {
        "@types/node": "^15.3.0",
        "@types/underscore": "^1.11.2"
      }
    },
    "node_modules/@types/node": {
      "version": "15.3.0",
      "resolved": "https://registry.npmjs.org/@types/node/-/node-15.3.0.tgz",
      "integrity": "sha512-8/bnjSZD86ZfpBsDlCIkNXIvm+h6wi9g7IqL+kmFkQ+Wvu3JrasgLElfiPgoo8V8vVfnEi0QVS12gbl94h9YsQ==",
      "dev": true
    },
    "node_modules/@types/underscore": {
      "version": "1.11.2",
      "resolved": "https://registry.npmjs.org/@types/underscore/-/underscore-1.11.2.tgz",
      "integrity": "sha512-Ls2ylbo7++ITrWk2Yc3G/jijwSq5V3GT0tlgVXEl2kKYXY3ImrtmTCoE2uyTWFRI5owMBriloZFWbE1SXOsE7w==",
      "dev": true
    },
    "node_modules/autodetect-decoder-stream": {
      "version": "2.0.0",
      "resolved": "https://registry.npmjs.org/autodetect-decoder-stream/-/autodetect-decoder-stream-2.0.0.tgz",
      "integrity": "sha512-hWjTt7ooxcOIWbvjAEAMGA4YUR61Lq/fkN0sIuAVR+hMJAA0ugLLLR+7VqG8CvGJna7GcWt11Es9O2z2zeJe/A==",
      "dependencies": {
        "iconv-lite": "0.*",
        "jschardet": "2.*"
      },
      "engines": {
        "node": ">= 6"
      }
    },
    "node_modules/iconv-lite": {
      "version": "0.5.0",
      "resolved": "https://registry.npmjs.org/iconv-lite/-/iconv-lite-0.5.0.tgz",
      "integrity": "sha512-NnEhI9hIEKHOzJ4f697DMz9IQEXr/MMJ5w64vN2/4Ai+wRnvV7SBrL0KLoRlwaKVghOc7LQ5YkPLuX146b6Ydw==",
      "dependencies": {
        "safer-buffer": ">= 2.1.2 < 3"
      },
      "engines": {
        "node": ">=0.10.0"
      }
    },
    "node_modules/jschardet": {
      "version": "2.3.0",
      "resolved": "https://registry.npmjs.org/jschardet/-/jschardet-2.3.0.tgz",
      "integrity": "sha512-6I6xT7XN/7sBB7q8ObzKbmv5vN+blzLcboDE1BNEsEfmRXJValMxO6OIRT69ylPBRemS3rw6US+CMCar0OBc9g==",
      "engines": {
        "node": ">=0.1.90"
      }
    },
    "node_modules/moment": {
      "version": "2.29.2",
      "resolved": "https://registry.npmjs.org/moment/-/moment-2.29.2.tgz",
      "integrity": "sha512-UgzG4rvxYpN15jgCmVJwac49h9ly9NurikMWGPdVxm8GZD6XjkKPxDTjQQ43gtGgnV3X0cAyWDdP2Wexoquifg==",
      "engines": {
        "node": "*"
      }
    },
    "node_modules/safer-buffer": {
      "version": "2.1.2",
      "resolved": "https://registry.npmjs.org/safer-buffer/-/safer-buffer-2.1.2.tgz",
      "integrity": "sha512-YZo3K82SD7Riyi0E1EQPojLz7kpepnSQI9IyPbHHg1XXXevb5dJI7tpyN2ADxGcQbHG7vcyRHk0cbwqcQriUtg=="
    },
    "node_modules/underscore": {
      "version": "1.13.1",
      "resolved": "https://registry.npmjs.org/underscore/-/underscore-1.13.1.tgz",
      "integrity": "sha512-hzSoAVtJF+3ZtiFX0VgfFPHEDRm7Y/QPjGyNo4TVdnDTdft3tr8hEkD25a1jC+TjTuE7tkHGKkhwCgs9dgBB2g=="
    },
    "node_modules/xml-writer": {
      "version": "1.7.0",
      "resolved": "https://registry.npmjs.org/xml-writer/-/xml-writer-1.7.0.tgz",
      "integrity": "sha1-t28dWRwWomNOvbcDx729D9aBkGU=",
      "engines": {
        "node": ">=0.4.0"
      }
    }
  },
  "dependencies": {
    "@types/node": {
      "version": "15.3.0",
      "resolved": "https://registry.npmjs.org/@types/node/-/node-15.3.0.tgz",
      "integrity": "sha512-8/bnjSZD86ZfpBsDlCIkNXIvm+h6wi9g7IqL+kmFkQ+Wvu3JrasgLElfiPgoo8V8vVfnEi0QVS12gbl94h9YsQ==",
      "dev": true
    },
    "@types/underscore": {
      "version": "1.11.2",
      "resolved": "https://registry.npmjs.org/@types/underscore/-/underscore-1.11.2.tgz",
      "integrity": "sha512-Ls2ylbo7++ITrWk2Yc3G/jijwSq5V3GT0tlgVXEl2kKYXY3ImrtmTCoE2uyTWFRI5owMBriloZFWbE1SXOsE7w==",
      "dev": true
    },
    "autodetect-decoder-stream": {
      "version": "2.0.0",
      "resolved": "https://registry.npmjs.org/autodetect-decoder-stream/-/autodetect-decoder-stream-2.0.0.tgz",
      "integrity": "sha512-hWjTt7ooxcOIWbvjAEAMGA4YUR61Lq/fkN0sIuAVR+hMJAA0ugLLLR+7VqG8CvGJna7GcWt11Es9O2z2zeJe/A==",
      "requires": {
        "iconv-lite": "0.*",
        "jschardet": "2.*"
      }
    },
    "iconv-lite": {
      "version": "0.5.0",
      "resolved": "https://registry.npmjs.org/iconv-lite/-/iconv-lite-0.5.0.tgz",
      "integrity": "sha512-NnEhI9hIEKHOzJ4f697DMz9IQEXr/MMJ5w64vN2/4Ai+wRnvV7SBrL0KLoRlwaKVghOc7LQ5YkPLuX146b6Ydw==",
      "requires": {
        "safer-buffer": ">= 2.1.2 < 3"
      }
    },
    "jschardet": {
      "version": "2.3.0",
      "resolved": "https://registry.npmjs.org/jschardet/-/jschardet-2.3.0.tgz",
      "integrity": "sha512-6I6xT7XN/7sBB7q8ObzKbmv5vN+blzLcboDE1BNEsEfmRXJValMxO6OIRT69ylPBRemS3rw6US+CMCar0OBc9g=="
    },
    "moment": {
      "version": "2.29.2",
      "resolved": "https://registry.npmjs.org/moment/-/moment-2.29.2.tgz",
      "integrity": "sha512-UgzG4rvxYpN15jgCmVJwac49h9ly9NurikMWGPdVxm8GZD6XjkKPxDTjQQ43gtGgnV3X0cAyWDdP2Wexoquifg=="
    },
    "safer-buffer": {
      "version": "2.1.2",
      "resolved": "https://registry.npmjs.org/safer-buffer/-/safer-buffer-2.1.2.tgz",
      "integrity": "sha512-YZo3K82SD7Riyi0E1EQPojLz7kpepnSQI9IyPbHHg1XXXevb5dJI7tpyN2ADxGcQbHG7vcyRHk0cbwqcQriUtg=="
    },
    "underscore": {
      "version": "1.13.1",
      "resolved": "https://registry.npmjs.org/underscore/-/underscore-1.13.1.tgz",
      "integrity": "sha512-hzSoAVtJF+3ZtiFX0VgfFPHEDRm7Y/QPjGyNo4TVdnDTdft3tr8hEkD25a1jC+TjTuE7tkHGKkhwCgs9dgBB2g=="
    },
    "xml-writer": {
      "version": "1.7.0",
      "resolved": "https://registry.npmjs.org/xml-writer/-/xml-writer-1.7.0.tgz",
      "integrity": "sha1-t28dWRwWomNOvbcDx729D9aBkGU="
    }
  }
}
